
Microsoft Visual Studio Solution File, Format Version 12.00
# Visual Studio 15
VisualStudioVersion = 15.0.28010.2019
MinimumVisualStudioVersion = 10.0.40219.1
Project("{FAE04EC0-301F-11D3-BF4B-00C04F79EFBC}") = "test01", "test01\test01.csproj", "{9DD09D1A-8C75-4416-951E-789FEE59216E}"
EndProject
Project("{FAE04EC0-301F-11D3-BF4B-00C04F79EFBC}") = "APResearch2", "APResearch2\APResearch2.csproj", "{6161174C-938E-4568-90CE-848192C5CFCE}"
EndProject
Global
	GlobalSection(SolutionConfigurationPlatforms) = preSolution
		Debug|Any CPU = Debug|Any CPU
		Release|Any CPU = Release|Any CPU
	EndGlobalSection
	GlobalSection(ProjectConfigurationPlatforms) = postSolution
		{9DD09D1A-8C75-4416-951E-789FEE59216E}.Debug|Any CPU.ActiveCfg = Debug|Any CPU
		{9DD09D1A-8C75-4416-951E-789FEE59216E}.Debug|Any CPU.Build.0 = Debug|Any CPU
		{9DD09D1A-8C75-4416-951E-789FEE59216E}.Release|Any CPU.ActiveCfg = Release|Any CPU
		{9DD09D1A-8C75-4416-951E-789FEE59216E}.Release|Any CPU.Build.0 = Release|Any CPU
		{6161174C-938E-4568-90CE-848192C5CFCE}.Debug|Any CPU.ActiveCfg = Debug|Any CPU
		{6161174C-938E-4568-90CE-848192C5CFCE}.Debug|Any CPU.Build.0 = Debug|Any CPU
		{6161174C-938E-4568-90CE-848192C5CFCE}.Release|Any CPU.ActiveCfg = Release|Any CPU
		{6161174C-938E-4568-90CE-848192C5CFCE}.Release|Any CPU.Build.0 = Release|Any CPU
	EndGlobalSection
	GlobalSection(SolutionProperties) = preSolution
		HideSolutionNode = FALSE
	EndGlobalSection
	GlobalSection(ExtensibilityGlobals) = postSolution
		SolutionGuid = {A7BB73DC-7F6D-4D70-BF47-61176B29DCB1}
	EndGlobalSection
EndGlobal
